
Microsoft Visual Studio Solution File, Format Version 12.00
# Visual Studio Version 16
VisualStudioVersion = 16.0.30011.22
MinimumVisualStudioVersion = 10.0.40219.1
Project("{FAE04EC0-301F-11D3-BF4B-00C04F79EFBC}") = "Server", "Server\Server.csproj", "{0AB38666-D422-4538-8B16-DAA5E270A33C}"
EndProject
Global
	GlobalSection(SolutionConfigurationPlatforms) = preSolution
		Debug|Any CPU = Debug|Any CPU
		Release|Any CPU = Release|Any CPU
	EndGlobalSection
	GlobalSection(ProjectConfigurationPlatforms) = postSolution
		{0AB38666-D422-4538-8B16-DAA5E270A33C}.Debug|Any CPU.ActiveCfg = Debug|Any CPU
		{0AB38666-D422-4538-8B16-DAA5E270A33C}.Debug|Any CPU.Build.0 = Debug|Any CPU
		{0AB38666-D422-4538-8B16-DAA5E270A33C}.Release|Any CPU.ActiveCfg = Release|Any CPU
		{0AB38666-D422-4538-8B16-DAA5E270A33C}.Release|Any CPU.Build.0 = Release|Any CPU
	EndGlobalSection
	GlobalSection(SolutionProperties) = preSolution
		HideSolutionNode = FALSE
	EndGlobalSection
	GlobalSection(ExtensibilityGlobals) = postSolution
		SolutionGuid = {73D8A0B9-4ECE-4ADA-AD0B-0FDA0FF643C0}
	EndGlobalSection
EndGlobal
